// !$*UTF8*$!
{
	archiveVersion = 1;
	classes = {
	};
	objectVersion = 50;
	objects = {

/* Begin PBXBuildFile section */
		AAEB61AD219C92A000FFD793 /* AppDelegate.swift in Sources */ = {isa = PBXBuildFile; fileRef = AAEB61AC219C92A000FFD793 /* AppDelegate.swift */; };
		AAEB61AF219C92A000FFD793 /* ViewController.swift in Sources */ = {isa = PBXBuildFile; fileRef = AAEB61AE219C92A000FFD793 /* ViewController.swift */; };
		AAEB61B2219C92A000FFD793 /* Main.storyboard in Resources */ = {isa = PBXBuildFile; fileRef = AAEB61B0219C92A000FFD793 /* Main.storyboard */; };
		AAEB61B4219C92A100FFD793 /* Assets.xcassets in Resources */ = {isa = PBXBuildFile; fileRef = AAEB61B3219C92A100FFD793 /* Assets.xcassets */; };
		AAEB61B7219C92A100FFD793 /* LaunchScreen.storyboard in Resources */ = {isa = PBXBuildFile; fileRef = AAEB61B5219C92A100FFD793 /* LaunchScreen.storyboard */; };
		AAEB61BF219C935E00FFD793 /* DiamondView.swift in Sources */ = {isa = PBXBuildFile; fileRef = AAEB61BE219C935E00FFD793 /* DiamondView.swift */; };
		AAEB61C2219C98E600FFD793 /* OvalView.swift in Sources */ = {isa = PBXBuildFile; fileRef = AAEB61C1219C98E600FFD793 /* OvalView.swift */; };
		AAEB61C4219C9DD700FFD793 /* SymbolView.swift in Sources */ = {isa = PBXBuildFile; fileRef = AAEB61C3219C9DD700FFD793 /* SymbolView.swift */; };
		AAEB61C6219C9EB900FFD793 /* SquiggleView.swift in Sources */ = {isa = PBXBuildFile; fileRef = AAEB61C5219C9EB900FFD793 /* SquiggleView.swift */; };
		AAEB61C8219DE0E300FFD793 /* CardView.swift in Sources */ = {isa = PBXBuildFile; fileRef = AAEB61C7219DE0E300FFD793 /* CardView.swift */; };
		AAEB61CA219E137400FFD793 /* Extensions.swift in Sources */ = {isa = PBXBuildFile; fileRef = AAEB61C9219E137400FFD793 /* Extensions.swift */; };
		AAEB61CC219E292800FFD793 /* Grid.swift in Sources */ = {isa = PBXBuildFile; fileRef = AAEB61CB219E292800FFD793 /* Grid.swift */; };
		AAEB61CE219F285300FFD793 /* Card.swift in Sources */ = {isa = PBXBuildFile; fileRef = AAEB61CD219F285200FFD793 /* Card.swift */; };
		AAEB61D0219F286300FFD793 /* SetGame.swift in Sources */ = {isa = PBXBuildFile; fileRef = AAEB61CF219F286300FFD793 /* SetGame.swift */; };
		AAEB61D2219F4B5300FFD793 /* CardsAreaView.swift in Sources */ = {isa = PBXBuildFile; fileRef = AAEB61D1219F4B5300FFD793 /* CardsAreaView.swift */; };
/* End PBXBuildFile section */

/* Begin PBXFileReference section */
		AAEB61A9219C92A000FFD793 /* 3GraphicalSet.app */ = {isa = PBXFileReference; explicitFileType = wrapper.application; includeInIndex = 0; path = 3GraphicalSet.app; sourceTree = BUILT_PRODUCTS_DIR; };
		AAEB61AC219C92A000FFD793 /* AppDelegate.swift */ = {isa = PBXFileReference; lastKnownFileType = sourcecode.swift; path = AppDelegate.swift; sourceTree = "<group>"; };
		AAEB61AE219C92A000FFD793 /* ViewController.swift */ = {isa = PBXFileReference; lastKnownFileType = sourcecode.swift; path = ViewController.swift; sourceTree = "<group>"; };
		AAEB61B1219C92A000FFD793 /* Base */ = {isa = PBXFileReference; lastKnownFileType = file.storyboard; name = Base; path = Base.lproj/Main.storyboard; sourceTree = "<group>"; };
		AAEB61B3219C92A100FFD793 /* Assets.xcassets */ = {isa = PBXFileReference; lastKnownFileType = folder.assetcatalog; path = Assets.xcassets; sourceTree = "<group>"; };
		AAEB61B6219C92A100FFD793 /* Base */ = {isa = PBXFileReference; lastKnownFileType = file.storyboard; name = Base; path = Base.lproj/LaunchScreen.storyboard; sourceTree = "<group>"; };
		AAEB61B8219C92A100FFD793 /* Info.plist */ = {isa = PBXFileReference; lastKnownFileType = text.plist.xml; path = Info.plist; sourceTree = "<group>"; };
		AAEB61BE219C935E00FFD793 /* DiamondView.swift */ = {isa = PBXFileReference; lastKnownFileType = sourcecode.swift; path = DiamondView.swift; sourceTree = "<group>"; };
		AAEB61C1219C98E600FFD793 /* OvalView.swift */ = {isa = PBXFileReference; lastKnownFileType = sourcecode.swift; path = OvalView.swift; sourceTree = "<group>"; };
		AAEB61C3219C9DD700FFD793 /* SymbolView.swift */ = {isa = PBXFileReference; lastKnownFileType = sourcecode.swift; path = SymbolView.swift; sourceTree = "<group>"; };
		AAEB61C5219C9EB900FFD793 /* SquiggleView.swift */ = {isa = PBXFileReference; lastKnownFileType = sourcecode.swift; path = SquiggleView.swift; sourceTree = "<group>"; };
		AAEB61C7219DE0E300FFD793 /* CardView.swift */ = {isa = PBXFileReference; lastKnownFileType = sourcecode.swift; path = CardView.swift; sourceTree = "<group>"; };
		AAEB61C9219E137400FFD793 /* Extensions.swift */ = {isa = PBXFileReference; lastKnownFileType = sourcecode.swift; path = Extensions.swift; sourceTree = "<group>"; };
		AAEB61CB219E292800FFD793 /* Grid.swift */ = {isa = PBXFileReference; fileEncoding = 4; lastKnownFileType = sourcecode.swift; path = Grid.swift; sourceTree = "<group>"; };
		AAEB61CD219F285200FFD793 /* Card.swift */ = {isa = PBXFileReference; fileEncoding = 4; lastKnownFileType = sourcecode.swift; path = Card.swift; sourceTree = "<group>"; };
		AAEB61CF219F286300FFD793 /* SetGame.swift */ = {isa = PBXFileReference; fileEncoding = 4; lastKnownFileType = sourcecode.swift; path = SetGame.swift; sourceTree = "<group>"; };
		AAEB61D1219F4B5300FFD793 /* CardsAreaView.swift */ = {isa = PBXFileReference; lastKnownFileType = sourcecode.swift; path = CardsAreaView.swift; sourceTree = "<group>"; };
/* End PBXFileReference section */

/* Begin PBXFrameworksBuildPhase section */
		AAEB61A6219C92A000FFD793 /* Frameworks */ = {
			isa = PBXFrameworksBuildPhase;
			buildActionMask = 2147483647;
			files = (
			);
			runOnlyForDeploymentPostprocessing = 0;
		};
/* End PBXFrameworksBuildPhase section */

/* Begin PBXGroup section */
		AAEB61A0219C92A000FFD793 = {
			isa = PBXGroup;
			children = (
				AAEB61AB219C92A000FFD793 /* 3GraphicalSet */,
				AAEB61AA219C92A000FFD793 /* Products */,
			);
			sourceTree = "<group>";
		};
		AAEB61AA219C92A000FFD793 /* Products */ = {
			isa = PBXGroup;
			children = (
				AAEB61A9219C92A000FFD793 /* 3GraphicalSet.app */,
			);
			name = Products;
			sourceTree = "<group>";
		};
		AAEB61AB219C92A000FFD793 /* 3GraphicalSet */ = {
			isa = PBXGroup;
			children = (
				AAEB61CD219F285200FFD793 /* Card.swift */,
				AAEB61CF219F286300FFD793 /* SetGame.swift */,
				AAEB61AE219C92A000FFD793 /* ViewController.swift */,
				AAEB61B0219C92A000FFD793 /* Main.storyboard */,
				AAEB61B3219C92A100FFD793 /* Assets.xcassets */,
				AAEB61B8219C92A100FFD793 /* Info.plist */,
				AAEB61C9219E137400FFD793 /* Extensions.swift */,
				AAEB61C0219C985600FFD793 /* SupportingFiles */,
				AAEB61D1219F4B5300FFD793 /* CardsAreaView.swift */,
				AAEB61C7219DE0E300FFD793 /* CardView.swift */,
				AAEB61C3219C9DD700FFD793 /* SymbolView.swift */,
				AAEB61CB219E292800FFD793 /* Grid.swift */,
			);
			path = 3GraphicalSet;
			sourceTree = "<group>";
		};
		AAEB61C0219C985600FFD793 /* SupportingFiles */ = {
			isa = PBXGroup;
			children = (
				AAEB61C5219C9EB900FFD793 /* SquiggleView.swift */,
				AAEB61BE219C935E00FFD793 /* DiamondView.swift */,
				AAEB61C1219C98E600FFD793 /* OvalView.swift */,
				AAEB61AC219C92A000FFD793 /* AppDelegate.swift */,
				AAEB61B5219C92A100FFD793 /* LaunchScreen.storyboard */,
			);
			path = SupportingFiles;
			sourceTree = "<group>";
		};
/* End PBXGroup section */

/* Begin PBXNativeTarget section */
		AAEB61A8219C92A000FFD793 /* 3GraphicalSet */ = {
			isa = PBXNativeTarget;
			buildConfigurationList = AAEB61BB219C92A100FFD793 /* Build configuration list for PBXNativeTarget "3GraphicalSet" */;
			buildPhases = (
				AAEB61A5219C92A000FFD793 /* Sources */,
				AAEB61A6219C92A000FFD793 /* Frameworks */,
				AAEB61A7219C92A000FFD793 /* Resources */,
			);
			buildRules = (
			);
			dependencies = (
			);
			name = 3GraphicalSet;
			productName = 3GraphicalSet;
			productReference = AAEB61A9219C92A000FFD793 /* 3GraphicalSet.app */;
			productType = "com.apple.product-type.application";
		};
/* End PBXNativeTarget section */

/* Begin PBXProject section */
		AAEB61A1219C92A000FFD793 /* Project object */ = {
			isa = PBXProject;
			attributes = {
				LastSwiftUpdateCheck = 1010;
				LastUpgradeCheck = 1010;
				ORGANIZATIONNAME = "Wu Personal Team";
				TargetAttributes = {
					AAEB61A8219C92A000FFD793 = {
						CreatedOnToolsVersion = 10.1;
					};
				};
			};
			buildConfigurationList = AAEB61A4219C92A000FFD793 /* Build configuration list for PBXProject "3GraphicalSet" */;
			compatibilityVersion = "Xcode 9.3";
			developmentRegion = en;
			hasScannedForEncodings = 0;
			knownRegions = (
				en,
				Base,
			);
			mainGroup = AAEB61A0219C92A000FFD793;
			productRefGroup = AAEB61AA219C92A000FFD793 /* Products */;
			projectDirPath = "";
			projectRoot = "";
			targets = (
				AAEB61A8219C92A000FFD793 /* 3GraphicalSet */,
			);
		};
/* End PBXProject section */

/* Begin PBXResourcesBuildPhase section */
		AAEB61A7219C92A000FFD793 /* Resources */ = {
			isa = PBXResourcesBuildPhase;
			buildActionMask = 2147483647;
			files = (
				AAEB61B7219C92A100FFD793 /* LaunchScreen.storyboard in Resources */,
				AAEB61B4219C92A100FFD793 /* Assets.xcassets in Resources */,
				AAEB61B2219C92A000FFD793 /* Main.storyboard in Resources */,
			);
			runOnlyForDeploymentPostprocessing = 0;
		};
/* End PBXResourcesBuildPhase section */

/* Begin PBXSourcesBuildPhase section */
		AAEB61A5219C92A000FFD793 /* Sources */ = {
			isa = PBXSourcesBuildPhase;
			buildActionMask = 2147483647;
			files = (
				AAEB61D0219F286300FFD793 /* SetGame.swift in Sources */,
				AAEB61C8219DE0E300FFD793 /* CardView.swift in Sources */,
				AAEB61AF219C92A000FFD793 /* ViewController.swift in Sources */,
				AAEB61C6219C9EB900FFD793 /* SquiggleView.swift in Sources */,
				AAEB61CA219E137400FFD793 /* Extensions.swift in Sources */,
				AAEB61BF219C935E00FFD793 /* DiamondView.swift in Sources */,
				AAEB61C2219C98E600FFD793 /* OvalView.swift in Sources */,
				AAEB61D2219F4B5300FFD793 /* CardsAreaView.swift in Sources */,
				AAEB61C4219C9DD700FFD793 /* SymbolView.swift in Sources */,
				AAEB61CE219F285300FFD793 /* Card.swift in Sources */,
				AAEB61AD219C92A000FFD793 /* AppDelegate.swift in Sources */,
				AAEB61CC219E292800FFD793 /* Grid.swift in Sources */,
			);
			runOnlyForDeploymentPostprocessing = 0;
		};
/* End PBXSourcesBuildPhase section */

/* Begin PBXVariantGroup section */
		AAEB61B0219C92A000FFD793 /* Main.storyboard */ = {
			isa = PBXVariantGroup;
			children = (
				AAEB61B1219C92A000FFD793 /* Base */,
			);
			name = Main.storyboard;
			sourceTree = "<group>";
		};
		AAEB61B5219C92A100FFD793 /* LaunchScreen.storyboard */ = {
			isa = PBXVariantGroup;
			children = (
				AAEB61B6219C92A100FFD793 /* Base */,
			);
			name = LaunchScreen.storyboard;
			sourceTree = "<group>";
		};
/* End PBXVariantGroup section */

/* Begin XCBuildConfiguration section */
		AAEB61B9219C92A100FFD793 /* Debug */ = {
			isa = XCBuildConfiguration;
			buildSettings = {
				ALWAYS_SEARCH_USER_PATHS = NO;
				CLANG_ANALYZER_NONNULL = YES;
				CLANG_ANALYZER_NUMBER_OBJECT_CONVERSION = YES_AGGRESSIVE;
				CLANG_CXX_LANGUAGE_STANDARD = "gnu++14";
				CLANG_CXX_LIBRARY = "libc++";
				CLANG_ENABLE_MODULES = YES;
				CLANG_ENABLE_OBJC_ARC = YES;
				CLANG_ENABLE_OBJC_WEAK = YES;
				CLANG_WARN_BLOCK_CAPTURE_AUTORELEASING = YES;
				CLANG_WARN_BOOL_CONVERSION = YES;
				CLANG_WARN_COMMA = YES;
				CLANG_WARN_CONSTANT_CONVERSION = YES;
				CLANG_WARN_DEPRECATED_OBJC_IMPLEMENTATIONS = YES;
				CLANG_WARN_DIRECT_OBJC_ISA_USAGE = YES_ERROR;
				CLANG_WARN_DOCUMENTATION_COMMENTS = YES;
				CLANG_WARN_EMPTY_BODY = YES;
				CLANG_WARN_ENUM_CONVERSION = YES;
				CLANG_WARN_INFINITE_RECURSION = YES;
				CLANG_WARN_INT_CONVERSION = YES;
				CLANG_WARN_NON_LITERAL_NULL_CONVERSION = YES;
				CLANG_WARN_OBJC_IMPLICIT_RETAIN_SELF = YES;
				CLANG_WARN_OBJC_LITERAL_CONVERSION = YES;
				CLANG_WARN_OBJC_ROOT_CLASS = YES_ERROR;
				CLANG_WARN_RANGE_LOOP_ANALYSIS = YES;
				CLANG_WARN_STRICT_PROTOTYPES = YES;
				CLANG_WARN_SUSPICIOUS_MOVE = YES;
				CLANG_WARN_UNGUARDED_AVAILABILITY = YES_AGGRESSIVE;
				CLANG_WARN_UNREACHABLE_CODE = YES;
				CLANG_WARN__DUPLICATE_METHOD_MATCH = YES;
				CODE_SIGN_IDENTITY = "iPhone Developer";
				COPY_PHASE_STRIP = NO;
				DEBUG_INFORMATION_FORMAT = dwarf;
				ENABLE_STRICT_OBJC_MSGSEND = YES;
				ENABLE_TESTABILITY = YES;
				GCC_C_LANGUAGE_STANDARD = gnu11;
				GCC_DYNAMIC_NO_PIC = NO;
				GCC_NO_COMMON_BLOCKS = YES;
				GCC_OPTIMIZATION_LEVEL = 0;
				GCC_PREPROCESSOR_DEFINITIONS = (
					"DEBUG=1",
					"$(inherited)",
				);
				GCC_WARN_64_TO_32_BIT_CONVERSION = YES;
				GCC_WARN_ABOUT_RETURN_TYPE = YES_ERROR;
				GCC_WARN_UNDECLARED_SELECTOR = YES;
				GCC_WARN_UNINITIALIZED_AUTOS = YES_AGGRESSIVE;
				GCC_WARN_UNUSED_FUNCTION = YES;
				GCC_WARN_UNUSED_VARIABLE = YES;
				IPHONEOS_DEPLOYMENT_TARGET = 12.1;
				MTL_ENABLE_DEBUG_INFO = INCLUDE_SOURCE;
				MTL_FAST_MATH = YES;
				ONLY_ACTIVE_ARCH = YES;
				SDKROOT = iphoneos;
				SWIFT_ACTIVE_COMPILATION_CONDITIONS = DEBUG;
				SWIFT_OPTIMIZATION_LEVEL = "-Onone";
			};
			name = Debug;
		};
		AAEB61BA219C92A100FFD793 /* Release */ = {
			isa = XCBuildConfiguration;
			buildSettings = {
				ALWAYS_SEARCH_USER_PATHS = NO;
				CLANG_ANALYZER_NONNULL = YES;
				CLANG_ANALYZER_NUMBER_OBJECT_CONVERSION = YES_AGGRESSIVE;
				CLANG_CXX_LANGUAGE_STANDARD = "gnu++14";
				CLANG_CXX_LIBRARY = "libc++";
				CLANG_ENABLE_MODULES = YES;
				CLANG_ENABLE_OBJC_ARC = YES;
				CLANG_ENABLE_OBJC_WEAK = YES;
				CLANG_WARN_BLOCK_CAPTURE_AUTORELEASING = YES;
				CLANG_WARN_BOOL_CONVERSION = YES;
				CLANG_WARN_COMMA = YES;
				CLANG_WARN_CONSTANT_CONVERSION = YES;
				CLANG_WARN_DEPRECATED_OBJC_IMPLEMENTATIONS = YES;
				CLANG_WARN_DIRECT_OBJC_ISA_USAGE = YES_ERROR;
				CLANG_WARN_DOCUMENTATION_COMMENTS = YES;
				CLANG_WARN_EMPTY_BODY = YES;
				CLANG_WARN_ENUM_CONVERSION = YES;
				CLANG_WARN_INFINITE_RECURSION = YES;
				CLANG_WARN_INT_CONVERSION = YES;
				CLANG_WARN_NON_LITERAL_NULL_CONVERSION = YES;
				CLANG_WARN_OBJC_IMPLICIT_RETAIN_SELF = YES;
				CLANG_WARN_OBJC_LITERAL_CONVERSION = YES;
				CLANG_WARN_OBJC_ROOT_CLASS = YES_ERROR;
				CLANG_WARN_RANGE_LOOP_ANALYSIS = YES;
				CLANG_WARN_STRICT_PROTOTYPES = YES;
				CLANG_WARN_SUSPICIOUS_MOVE = YES;
				CLANG_WARN_UNGUARDED_AVAILABILITY = YES_AGGRESSIVE;
				CLANG_WARN_UNREACHABLE_CODE = YES;
				CLANG_WARN__DUPLICATE_METHOD_MATCH = YES;
				CODE_SIGN_IDENTITY = "iPhone Developer";
				COPY_PHASE_STRIP = NO;
				DEBUG_INFORMATION_FORMAT = "dwarf-with-dsym";
				ENABLE_NS_ASSERTIONS = NO;
				ENABLE_STRICT_OBJC_MSGSEND = YES;
				GCC_C_LANGUAGE_STANDARD = gnu11;
				GCC_NO_COMMON_BLOCKS = YES;
				GCC_WARN_64_TO_32_BIT_CONVERSION = YES;
				GCC_WARN_ABOUT_RETURN_TYPE = YES_ERROR;
				GCC_WARN_UNDECLARED_SELECTOR = YES;
				GCC_WARN_UNINITIALIZED_AUTOS = YES_AGGRESSIVE;
				GCC_WARN_UNUSED_FUNCTION = YES;
				GCC_WARN_UNUSED_VARIABLE = YES;
				IPHONEOS_DEPLOYMENT_TARGET = 12.1;
				MTL_ENABLE_DEBUG_INFO = NO;
				MTL_FAST_MATH = YES;
				SDKROOT = iphoneos;
				SWIFT_COMPILATION_MODE = wholemodule;
				SWIFT_OPTIMIZATION_LEVEL = "-O";
				VALIDATE_PRODUCT = YES;
			};
			name = Release;
		};
		AAEB61BC219C92A100FFD793 /* Debug */ = {
			isa = XCBuildConfiguration;
			buildSettings = {
				ASSETCATALOG_COMPILER_APPICON_NAME = AppIcon;
				CODE_SIGN_IDENTITY = "iPhone Developer";
				CODE_SIGN_STYLE = Automatic;
				DEVELOPMENT_TEAM = VWA95UCFV4;
				INFOPLIST_FILE = 3GraphicalSet/Info.plist;
				LD_RUNPATH_SEARCH_PATHS = (
					"$(inherited)",
					"@executable_path/Frameworks",
				);
				PRODUCT_BUNDLE_IDENTIFIER = "com.wupersonalteam47.internal.-GraphicalSet";
				PRODUCT_NAME = "$(TARGET_NAME)";
				PROVISIONING_PROFILE_SPECIFIER = "";
				SWIFT_VERSION = 4.2;
				TARGETED_DEVICE_FAMILY = "1,2";
			};
			name = Debug;
		};
		AAEB61BD219C92A100FFD793 /* Release */ = {
			isa = XCBuildConfiguration;
			buildSettings = {
				ASSETCATALOG_COMPILER_APPICON_NAME = AppIcon;
				CODE_SIGN_IDENTITY = "iPhone Developer";
				CODE_SIGN_STYLE = Automatic;
				DEVELOPMENT_TEAM = VWA95UCFV4;
				INFOPLIST_FILE = 3GraphicalSet/Info.plist;
				LD_RUNPATH_SEARCH_PATHS = (
					"$(inherited)",
					"@executable_path/Frameworks",
				);
				PRODUCT_BUNDLE_IDENTIFIER = "com.wupersonalteam47.internal.-GraphicalSet";
				PRODUCT_NAME = "$(TARGET_NAME)";
				PROVISIONING_PROFILE_SPECIFIER = "";
				SWIFT_VERSION = 4.2;
				TARGETED_DEVICE_FAMILY = "1,2";
			};
			name = Release;
		};
/* End XCBuildConfiguration section */

/* Begin XCConfigurationList section */
		AAEB61A4219C92A000FFD793 /* Build configuration list for PBXProject "3GraphicalSet" */ = {
			isa = XCConfigurationList;
			buildConfigurations = (
				AAEB61B9219C92A100FFD793 /* Debug */,
				AAEB61BA219C92A100FFD793 /* Release */,
			);
			defaultConfigurationIsVisible = 0;
			defaultConfigurationName = Release;
		};
		AAEB61BB219C92A100FFD793 /* Build configuration list for PBXNativeTarget "3GraphicalSet" */ = {
			isa = XCConfigurationList;
			buildConfigurations = (
				AAEB61BC219C92A100FFD793 /* Debug */,
				AAEB61BD219C92A100FFD793 /* Release */,
			);
			defaultConfigurationIsVisible = 0;
			defaultConfigurationName = Release;
		};
/* End XCConfigurationList section */
	};
	rootObject = AAEB61A1219C92A000FFD793 /* Project object */;
}
